
Microsoft Visual Studio Solution File, Format Version 12.00
# Visual Studio Version 17
VisualStudioVersion = 17.0.31912.275
MinimumVisualStudioVersion = 10.0.40219.1
Project("{FAE04EC0-301F-11D3-BF4B-00C04F79EFBC}") = "dotnetTest", "dotnetTest\dotnetTest.csproj", "{652340C4-0608-400B-91E6-F676F570B80C}"
EndProject
Global
	GlobalSection(SolutionConfigurationPlatforms) = preSolution
		Debug|Any CPU = Debug|Any CPU
		Release|Any CPU = Release|Any CPU
	EndGlobalSection
	GlobalSection(ProjectConfigurationPlatforms) = postSolution
		{652340C4-0608-400B-91E6-F676F570B80C}.Debug|Any CPU.ActiveCfg = Debug|Any CPU
		{652340C4-0608-400B-91E6-F676F570B80C}.Debug|Any CPU.Build.0 = Debug|Any CPU
		{652340C4-0608-400B-91E6-F676F570B80C}.Release|Any CPU.ActiveCfg = Release|Any CPU
		{652340C4-0608-400B-91E6-F676F570B80C}.Release|Any CPU.Build.0 = Release|Any CPU
	EndGlobalSection
	GlobalSection(SolutionProperties) = preSolution
		HideSolutionNode = FALSE
	EndGlobalSection
	GlobalSection(ExtensibilityGlobals) = postSolution
		SolutionGuid = {BE9F3283-6F66-44D5-8504-74E9548296AA}
	EndGlobalSection
EndGlobal
